
Microsoft Visual Studio Solution File, Format Version 12.00
# Visual Studio 2017
Project("{FAE04EC0-301F-11D3-BF4B-00C04F79EFBC}") = "GRacer", "GRacer.csproj", "{27CDC56F-0E8F-6888-C427-A1930925FCAE}"
EndProject
Project("{FAE04EC0-301F-11D3-BF4B-00C04F79EFBC}") = "GRacer.Editor", "GRacer.Editor.csproj", "{DE32AC15-2A58-3ADD-1482-955947581162}"
EndProject
Global
	GlobalSection(SolutionConfigurationPlatforms) = preSolution
		Debug|Any CPU = Debug|Any CPU
		Release|Any CPU = Release|Any CPU
	EndGlobalSection
	GlobalSection(ProjectConfigurationPlatforms) = postSolution
		{27CDC56F-0E8F-6888-C427-A1930925FCAE}.Debug|Any CPU.ActiveCfg = Debug|Any CPU
		{27CDC56F-0E8F-6888-C427-A1930925FCAE}.Debug|Any CPU.Build.0 = Debug|Any CPU
		{27CDC56F-0E8F-6888-C427-A1930925FCAE}.Release|Any CPU.ActiveCfg = Release|Any CPU
		{27CDC56F-0E8F-6888-C427-A1930925FCAE}.Release|Any CPU.Build.0 = Release|Any CPU
		{DE32AC15-2A58-3ADD-1482-955947581162}.Debug|Any CPU.ActiveCfg = Debug|Any CPU
		{DE32AC15-2A58-3ADD-1482-955947581162}.Debug|Any CPU.Build.0 = Debug|Any CPU
		{DE32AC15-2A58-3ADD-1482-955947581162}.Release|Any CPU.ActiveCfg = Release|Any CPU
		{DE32AC15-2A58-3ADD-1482-955947581162}.Release|Any CPU.Build.0 = Release|Any CPU
	EndGlobalSection
	GlobalSection(SolutionProperties) = preSolution
		HideSolutionNode = FALSE
	EndGlobalSection
EndGlobal
